
Microsoft Visual Studio Solution File, Format Version 12.00
# Visual Studio 14
VisualStudioVersion = 14.0.25420.1
MinimumVisualStudioVersion = 10.0.40219.1
Project("{8BC9CEB8-8B4A-11D0-8D11-00A0C91BC942}") = "windows", "windows\windows.vcxproj", "{D4F924CB-C519-48BC-821E-6AFF0B967C70}"
EndProject
Project("{8BC9CEB8-8B4A-11D0-8D11-00A0C91BC942}") = "cmdarg", "cmdarg\cmdarg.vcxproj", "{154D2FC2-9850-492C-9C48-877030BAD674}"
EndProject
Project("{8BC9CEB8-8B4A-11D0-8D11-00A0C91BC942}") = "envvar", "envvar\envvar.vcxproj", "{273AB735-E90D-48CD-B7B4-68545ED43721}"
EndProject
Project("{8BC9CEB8-8B4A-11D0-8D11-00A0C91BC942}") = "files", "files\files.vcxproj", "{84D26DDE-4E02-4197-AEBC-601C5C54A991}"
EndProject
Project("{8BC9CEB8-8B4A-11D0-8D11-00A0C91BC942}") = "createfile", "createfile\createfile.vcxproj", "{48165D2E-9BA1-486F-9797-F5A2283840A4}"
EndProject
Global
	GlobalSection(SolutionConfigurationPlatforms) = preSolution
		Debug|x64 = Debug|x64
		Debug|x86 = Debug|x86
		Release|x64 = Release|x64
		Release|x86 = Release|x86
	EndGlobalSection
	GlobalSection(ProjectConfigurationPlatforms) = postSolution
		{D4F924CB-C519-48BC-821E-6AFF0B967C70}.Debug|x64.ActiveCfg = Debug|x64
		{D4F924CB-C519-48BC-821E-6AFF0B967C70}.Debug|x64.Build.0 = Debug|x64
		{D4F924CB-C519-48BC-821E-6AFF0B967C70}.Debug|x86.ActiveCfg = Debug|Win32
		{D4F924CB-C519-48BC-821E-6AFF0B967C70}.Debug|x86.Build.0 = Debug|Win32
		{D4F924CB-C519-48BC-821E-6AFF0B967C70}.Release|x64.ActiveCfg = Release|x64
		{D4F924CB-C519-48BC-821E-6AFF0B967C70}.Release|x64.Build.0 = Release|x64
		{D4F924CB-C519-48BC-821E-6AFF0B967C70}.Release|x86.ActiveCfg = Release|Win32
		{D4F924CB-C519-48BC-821E-6AFF0B967C70}.Release|x86.Build.0 = Release|Win32
		{154D2FC2-9850-492C-9C48-877030BAD674}.Debug|x64.ActiveCfg = Debug|x64
		{154D2FC2-9850-492C-9C48-877030BAD674}.Debug|x64.Build.0 = Debug|x64
		{154D2FC2-9850-492C-9C48-877030BAD674}.Debug|x86.ActiveCfg = Debug|Win32
		{154D2FC2-9850-492C-9C48-877030BAD674}.Debug|x86.Build.0 = Debug|Win32
		{154D2FC2-9850-492C-9C48-877030BAD674}.Release|x64.ActiveCfg = Release|x64
		{154D2FC2-9850-492C-9C48-877030BAD674}.Release|x64.Build.0 = Release|x64
		{154D2FC2-9850-492C-9C48-877030BAD674}.Release|x86.ActiveCfg = Release|Win32
		{154D2FC2-9850-492C-9C48-877030BAD674}.Release|x86.Build.0 = Release|Win32
		{273AB735-E90D-48CD-B7B4-68545ED43721}.Debug|x64.ActiveCfg = Debug|x64
		{273AB735-E90D-48CD-B7B4-68545ED43721}.Debug|x64.Build.0 = Debug|x64
		{273AB735-E90D-48CD-B7B4-68545ED43721}.Debug|x86.ActiveCfg = Debug|Win32
		{273AB735-E90D-48CD-B7B4-68545ED43721}.Debug|x86.Build.0 = Debug|Win32
		{273AB735-E90D-48CD-B7B4-68545ED43721}.Release|x64.ActiveCfg = Release|x64
		{273AB735-E90D-48CD-B7B4-68545ED43721}.Release|x64.Build.0 = Release|x64
		{273AB735-E90D-48CD-B7B4-68545ED43721}.Release|x86.ActiveCfg = Release|Win32
		{273AB735-E90D-48CD-B7B4-68545ED43721}.Release|x86.Build.0 = Release|Win32
		{84D26DDE-4E02-4197-AEBC-601C5C54A991}.Debug|x64.ActiveCfg = Debug|x64
		{84D26DDE-4E02-4197-AEBC-601C5C54A991}.Debug|x64.Build.0 = Debug|x64
		{84D26DDE-4E02-4197-AEBC-601C5C54A991}.Debug|x86.ActiveCfg = Debug|Win32
		{84D26DDE-4E02-4197-AEBC-601C5C54A991}.Debug|x86.Build.0 = Debug|Win32
		{84D26DDE-4E02-4197-AEBC-601C5C54A991}.Release|x64.ActiveCfg = Release|x64
		{84D26DDE-4E02-4197-AEBC-601C5C54A991}.Release|x64.Build.0 = Release|x64
		{84D26DDE-4E02-4197-AEBC-601C5C54A991}.Release|x86.ActiveCfg = Release|Win32
		{84D26DDE-4E02-4197-AEBC-601C5C54A991}.Release|x86.Build.0 = Release|Win32
		{48165D2E-9BA1-486F-9797-F5A2283840A4}.Debug|x64.ActiveCfg = Debug|x64
		{48165D2E-9BA1-486F-9797-F5A2283840A4}.Debug|x64.Build.0 = Debug|x64
		{48165D2E-9BA1-486F-9797-F5A2283840A4}.Debug|x86.ActiveCfg = Debug|Win32
		{48165D2E-9BA1-486F-9797-F5A2283840A4}.Debug|x86.Build.0 = Debug|Win32
		{48165D2E-9BA1-486F-9797-F5A2283840A4}.Release|x64.ActiveCfg = Release|x64
		{48165D2E-9BA1-486F-9797-F5A2283840A4}.Release|x64.Build.0 = Release|x64
		{48165D2E-9BA1-486F-9797-F5A2283840A4}.Release|x86.ActiveCfg = Release|Win32
		{48165D2E-9BA1-486F-9797-F5A2283840A4}.Release|x86.Build.0 = Release|Win32
	EndGlobalSection
	GlobalSection(SolutionProperties) = preSolution
		HideSolutionNode = FALSE
	EndGlobalSection
EndGlobal
