
Microsoft Visual Studio Solution File, Format Version 12.00
# Visual Studio 14
VisualStudioVersion = 14.0.25420.1
MinimumVisualStudioVersion = 10.0.40219.1
Project("{8BC9CEB8-8B4A-11D0-8D11-00A0C91BC942}") = "FileMenu", "FileMenu\FileMenu.vcxproj", "{6DC7B5D7-AC2B-4411-A5C2-894B1387BBAE}"
EndProject
Global
	GlobalSection(SolutionConfigurationPlatforms) = preSolution
		Debug|x64 = Debug|x64
		Debug|x86 = Debug|x86
		Release|x64 = Release|x64
		Release|x86 = Release|x86
	EndGlobalSection
	GlobalSection(ProjectConfigurationPlatforms) = postSolution
		{6DC7B5D7-AC2B-4411-A5C2-894B1387BBAE}.Debug|x64.ActiveCfg = Debug|x64
		{6DC7B5D7-AC2B-4411-A5C2-894B1387BBAE}.Debug|x64.Build.0 = Debug|x64
		{6DC7B5D7-AC2B-4411-A5C2-894B1387BBAE}.Debug|x86.ActiveCfg = Debug|Win32
		{6DC7B5D7-AC2B-4411-A5C2-894B1387BBAE}.Debug|x86.Build.0 = Debug|Win32
		{6DC7B5D7-AC2B-4411-A5C2-894B1387BBAE}.Release|x64.ActiveCfg = Release|x64
		{6DC7B5D7-AC2B-4411-A5C2-894B1387BBAE}.Release|x64.Build.0 = Release|x64
		{6DC7B5D7-AC2B-4411-A5C2-894B1387BBAE}.Release|x86.ActiveCfg = Release|Win32
		{6DC7B5D7-AC2B-4411-A5C2-894B1387BBAE}.Release|x86.Build.0 = Release|Win32
	EndGlobalSection
	GlobalSection(SolutionProperties) = preSolution
		HideSolutionNode = FALSE
	EndGlobalSection
EndGlobal
